{
  "name": "smpp",
  "version": "1.0.0",
  "lockfileVersion": 1,
  "requires": true,
  "dependencies": {
    "iconv-lite": {
      "version": "0.4.24",
      "resolved": "https://registry.npmjs.org/iconv-lite/-/iconv-lite-0.4.24.tgz",
      "integrity": "sha512-v3MXnZAcvnywkTUEZomIActle7RXXeedOR31wwl7VlyoXO4Qi9arvSenNQWne1TcRwhCL1HwLI21bEqdpj8/rA==",
      "requires": {
        "safer-buffer": "2.1.2"
      }
    },
    "safer-buffer": {
      "version": "2.1.2",
      "resolved": "https://registry.npmjs.org/safer-buffer/-/safer-buffer-2.1.2.tgz",
      "integrity": "sha512-YZo3K82SD7Riyi0E1EQPojLz7kpepnSQI9IyPbHHg1XXXevb5dJI7tpyN2ADxGcQbHG7vcyRHk0cbwqcQriUtg=="
    },
    "smpp": {
      "version": "0.3.1",
      "resolved": "https://registry.npmjs.org/smpp/-/smpp-0.3.1.tgz",
      "integrity": "sha1-7g4sIOOowUoAS3f4+WHMrmQEgz0=",
      "requires": {
        "iconv-lite": "0.4.24"
      }
    },
    "unique-random": {
      "version": "2.0.0",
      "resolved": "https://registry.npmjs.org/unique-random/-/unique-random-2.0.0.tgz",
      "integrity": "sha512-yGRdXPklG5QZPPhNymq1it49PNtwO74/NHM1z243/FfvliDICgei1BSEC58yezEZ8U7YxfRcmstEuGruX0X1Jg=="
    }
  }
}
